
Microsoft Visual Studio Solution File, Format Version 12.00
# Visual Studio Version 17
VisualStudioVersion = 17.3.32825.248
MinimumVisualStudioVersion = 10.0.40219.1
Project("{FAE04EC0-301F-11D3-BF4B-00C04F79EFBC}") = "FigureFunction", "FigureFunction\FigureFunction.csproj", "{11A6D7F1-B206-4FAA-9DF7-94B3FC05A903}"
EndProject
Global
	GlobalSection(SolutionConfigurationPlatforms) = preSolution
		Debug|Any CPU = Debug|Any CPU
		Release|Any CPU = Release|Any CPU
	EndGlobalSection
	GlobalSection(ProjectConfigurationPlatforms) = postSolution
		{11A6D7F1-B206-4FAA-9DF7-94B3FC05A903}.Debug|Any CPU.ActiveCfg = Debug|Any CPU
		{11A6D7F1-B206-4FAA-9DF7-94B3FC05A903}.Debug|Any CPU.Build.0 = Debug|Any CPU
		{11A6D7F1-B206-4FAA-9DF7-94B3FC05A903}.Release|Any CPU.ActiveCfg = Release|Any CPU
		{11A6D7F1-B206-4FAA-9DF7-94B3FC05A903}.Release|Any CPU.Build.0 = Release|Any CPU
	EndGlobalSection
	GlobalSection(SolutionProperties) = preSolution
		HideSolutionNode = FALSE
	EndGlobalSection
	GlobalSection(ExtensibilityGlobals) = postSolution
		SolutionGuid = {6D96BA66-74A3-45CD-A8EB-F4A5177BCA97}
	EndGlobalSection
EndGlobal
